{
  "blind_seed_sha256": "a4d81a185194dc02e7fb36316bbf4ae314b233fee41531fc1d090323da64df67",
  "implementation_sha256": "126d9edd3387114e7e8016c04438dce5a4bfb62d3150f0817d6776c3f9cad89d",
  "config_sha256": "c899bea3535716fe040e2733573d7d8c3b8887bb55b3b414157e5802689eb6b9",
  "evaluator_sha256": "79ec0019d8de7607690b480ee0b06c4537c740ee4e1c57f4c95a43443bb9e4a0",
  "development_report_sha256": "24276b933ceb3ee7247aeb0cc3a36a9f494e2a13771626763636f71147fa9b0b",
  "shadow_validation_report_sha256": "e7febc97bfb8ecd85226010450a7d9200d5c1bf0bc0bfab9464add8b7d5e6372",
  "blind_run_count": 1,
  "status": "STARTED_NO_RETRY"
}
