{
  "blind_seed_sha256": "1e6ac5292ac6b19d2c8aa032f358afdc0d4d79d5c5088acbd1a6b4ac9787a134",
  "implementation_sha256": "2a8c188acde05940a58dc2f4707217e764426651b22ed4487f9a6a6b69c6f32d",
  "config_sha256": "c899bea3535716fe040e2733573d7d8c3b8887bb55b3b414157e5802689eb6b9",
  "evaluator_sha256": "79ec0019d8de7607690b480ee0b06c4537c740ee4e1c57f4c95a43443bb9e4a0",
  "development_report_sha256": "24276b933ceb3ee7247aeb0cc3a36a9f494e2a13771626763636f71147fa9b0b",
  "shadow_validation_report_sha256": "e7febc97bfb8ecd85226010450a7d9200d5c1bf0bc0bfab9464add8b7d5e6372",
  "phase8g_failure_report_sha256": "3148170785d4966a340a64a74033043468695491eac89fae8c23f17bbef21066",
  "infrastructure_validation_report_sha256": "d7fc2b6f9878c4a807f84cb280b425a2fe4f2b95d6a778fa73a774632f1c0dbb",
  "simulator_binary_sha256": "cebf14533df932e6b0d8a37e3080e5ee69b40223984e3b300f46f2cc92026765",
  "map_generator_binary_sha256": "20ff8ec1af68ee062d09f8701daf2b1bd42c78367d3c360e25c1506e2d296b02",
  "phase8g_blind_consumed": true,
  "phase8h_blind_run_count": 1,
  "workers": 4,
  "status": "STARTED_NO_RETRY"
}
